# Run ./gradlew writeVersionsLocks to regenerate this file. Blank lines are to minimize merge conflicts.

com.fasterxml.jackson.core:jackson-annotations:2.20 (4 constraints: 3c4a819c)

com.fasterxml.jackson.core:jackson-core:2.20.0 (2 constraints: 34309403)

com.fasterxml.jackson.core:jackson-databind:2.20.0 (3 constraints: d338bf44)

com.google.errorprone:error_prone_annotations:2.41.0 (5 constraints: a7493495)

com.google.guava:failureaccess:1.0.3 (1 constraints: 160ae3b4)

com.google.guava:guava:33.5.0-jre (1 constraints: ab068053)

com.google.guava:listenablefuture:9999.0-empty-to-avoid-conflict-with-guava (1 constraints: bd17c918)

com.google.j2objc:j2objc-annotations:3.1 (1 constraints: b809f1a0)

com.palantir.safe-logging:logger:3.9.0 (1 constraints: 0e051536)

com.palantir.safe-logging:logger-slf4j:3.9.0 (1 constraints: 070e6e42)

com.palantir.safe-logging:logger-spi:3.9.0 (2 constraints: 1d1e0c7c)

com.palantir.safe-logging:preconditions:3.9.0 (2 constraints: 3e191db6)

com.palantir.safe-logging:safe-logging:3.9.0 (4 constraints: bd422b1c)

jakarta.annotation:jakarta.annotation-api:2.1.1 (4 constraints: ed33b375)

jakarta.servlet:jakarta.servlet-api:6.0.0 (2 constraints: 07127301)

jakarta.ws.rs:jakarta.ws.rs-api:3.1.0 (6 constraints: 2c663b27)

javax.annotation:javax.annotation-api:1.3.2 (1 constraints: 0805fb35)

javax.servlet:javax.servlet-api:4.0.1 (1 constraints: 07050036)

javax.ws.rs:javax.ws.rs-api:2.1.1 (1 constraints: 0605f935)

net.sf.jopt-simple:jopt-simple:5.0.4 (1 constraints: be0ad6cc)

org.apache.commons:commons-math3:3.6.1 (1 constraints: bf0adbcc)

org.immutables:value:2.11.6 (1 constraints: 3c05383b)

org.jetbrains:annotations:26.0.2 (1 constraints: 36116fd1)

org.jspecify:jspecify:1.0.0 (7 constraints: 5370d26f)

org.openjdk.jmh:jmh-core:1.37 (1 constraints: df04fc30)

org.slf4j:slf4j-api:2.0.17 (4 constraints: fc39f61c)



[Test dependencies]

com.fasterxml.jackson.module:jackson-module-jakarta-xmlbind-annotations:2.20.0 (1 constraints: ee1515e9)

com.palantir.safe-logging:preconditions-assertj:3.9.0 (1 constraints: 0e051536)

io.smallrye.common:smallrye-common-annotation:2.6.0 (1 constraints: c30d1c36)

io.smallrye.common:smallrye-common-constraint:2.6.0 (4 constraints: 8a413caf)

io.smallrye.common:smallrye-common-cpu:2.6.0 (2 constraints: 731c91d2)

io.smallrye.common:smallrye-common-expression:2.4.0 (1 constraints: b10e835a)

io.smallrye.common:smallrye-common-function:2.6.0 (2 constraints: 5c215988)

io.smallrye.common:smallrye-common-net:2.4.0 (1 constraints: b10e835a)

io.smallrye.common:smallrye-common-os:2.4.0 (1 constraints: b10e835a)

io.smallrye.common:smallrye-common-ref:2.4.0 (1 constraints: b10e835a)

io.undertow:undertow-core:2.3.20.Final (2 constraints: 99162f17)

io.undertow:undertow-servlet:2.3.20.Final (1 constraints: 51071d61)

jakarta.activation:jakarta.activation-api:2.1.0 (1 constraints: 8c0f4791)

jakarta.inject:jakarta.inject-api:2.0.1 (4 constraints: 884c8712)

jakarta.validation:jakarta.validation-api:3.0.2 (1 constraints: fe10bbc3)

jakarta.xml.bind:jakarta.xml.bind-api:4.0.0 (1 constraints: ba1524d3)

net.bytebuddy:byte-buddy:1.17.7 (2 constraints: 9f161b3f)

net.bytebuddy:byte-buddy-agent:1.17.7 (1 constraints: 4a0b4ede)

org.apache.httpcomponents.client5:httpclient5:5.3.1 (1 constraints: 0b050e36)

org.apache.httpcomponents.core5:httpcore5:5.2.4 (2 constraints: 98254d58)

org.apache.httpcomponents.core5:httpcore5-h2:5.2.4 (1 constraints: 3f130d3c)

org.apache.logging.log4j:log4j-api:2.24.0 (2 constraints: c01f6e63)

org.apache.logging.log4j:log4j-core:2.24.0 (1 constraints: 06114aef)

org.apache.logging.log4j:log4j-slf4j2-impl:2.24.0 (1 constraints: 3a053f3b)

org.apiguardian:apiguardian-api:1.1.2 (6 constraints: 5366ce6e)

org.assertj:assertj-core:3.27.6 (2 constraints: a719cee0)

org.glassfish.hk2:hk2-api:3.0.4 (1 constraints: 6c0c580c)

org.glassfish.hk2:hk2-locator:3.0.4 (1 constraints: 4210d6ad)

org.glassfish.hk2:hk2-utils:3.0.4 (2 constraints: 1d17d276)

org.glassfish.hk2:osgi-resource-locator:1.0.3 (1 constraints: ef10e7c2)

org.glassfish.hk2.external:aopalliance-repackaged:3.0.4 (2 constraints: 1d17d276)

org.glassfish.jersey.containers:jersey-container-servlet-core:3.1.3 (1 constraints: 09050036)

org.glassfish.jersey.core:jersey-client:3.1.3 (1 constraints: 0011bfc3)

org.glassfish.jersey.core:jersey-common:3.1.3 (5 constraints: a4614bb3)

org.glassfish.jersey.core:jersey-server:3.1.3 (2 constraints: c91efe62)

org.glassfish.jersey.ext:jersey-entity-filtering:3.1.3 (1 constraints: bd1525d3)

org.glassfish.jersey.inject:jersey-hk2:3.1.3 (1 constraints: 09050036)

org.glassfish.jersey.media:jersey-media-json-jackson:3.1.3 (1 constraints: 09050036)

org.javassist:javassist:3.29.2-GA (1 constraints: 30112ef1)

org.jboss.logging:jboss-logging:3.6.1.Final (7 constraints: c4838fcc)

org.jboss.threads:jboss-threads:3.7.0.Final (2 constraints: 5c1ab543)

org.jboss.xnio:xnio-api:3.8.16.Final (2 constraints: d71a2474)

org.jboss.xnio:xnio-nio:3.8.16.Final (1 constraints: f80dc53d)

org.junit.jupiter:junit-jupiter:6.0.1 (1 constraints: 48070970)

org.junit.jupiter:junit-jupiter-api:6.0.1 (4 constraints: 553e7f38)

org.junit.jupiter:junit-jupiter-engine:6.0.1 (1 constraints: 040ecb3b)

org.junit.jupiter:junit-jupiter-params:6.0.1 (1 constraints: 040ecb3b)

org.junit.platform:junit-platform-commons:6.0.1 (2 constraints: d520474a)

org.junit.platform:junit-platform-engine:6.0.1 (2 constraints: ed22dc07)

org.junit.platform:junit-platform-launcher:6.0.1 (1 constraints: 09050a36)

org.mockito:mockito-core:5.20.0 (2 constraints: 2a143986)

org.mockito:mockito-junit-jupiter:5.20.0 (1 constraints: 3905453b)

org.objenesis:objenesis:3.3 (1 constraints: b20a14bd)

org.opentest4j:opentest4j:1.3.0 (2 constraints: cf209249)

org.wildfly.client:wildfly-client-config:1.0.1.Final (1 constraints: 940c6308)

org.wildfly.common:wildfly-common:2.0.0 (2 constraints: 581ab548)
