# Run ./gradlew writeVersionsLock to regenerate this file
com.fasterxml.jackson.core:jackson-annotations:2.15.3 (4 constraints: 6b4bdbdc)
com.fasterxml.jackson.core:jackson-core:2.15.3 (2 constraints: 4230e705)
com.fasterxml.jackson.core:jackson-databind:2.15.3 (3 constraints: e138764a)
com.google.code.findbugs:jsr305:3.0.2 (1 constraints: 170aecb4)
com.google.errorprone:error_prone_annotations:2.26.1 (5 constraints: 9b497093)
com.google.guava:failureaccess:1.0.2 (1 constraints: 150ae2b4)
com.google.guava:guava:33.1.0-jre (1 constraints: a7066453)
com.google.guava:listenablefuture:9999.0-empty-to-avoid-conflict-with-guava (1 constraints: bd17c918)
com.google.j2objc:j2objc-annotations:3.0.0 (1 constraints: 150aeab4)
com.palantir.safe-logging:logger:3.7.0 (1 constraints: 0c050f36)
com.palantir.safe-logging:logger-slf4j:3.7.0 (1 constraints: 050e6842)
com.palantir.safe-logging:logger-spi:3.7.0 (2 constraints: 191ea27b)
com.palantir.safe-logging:preconditions:3.7.0 (2 constraints: 3a19a1b5)
com.palantir.safe-logging:safe-logging:3.7.0 (4 constraints: b542a919)
jakarta.annotation:jakarta.annotation-api:2.1.1 (4 constraints: ed33b375)
jakarta.servlet:jakarta.servlet-api:6.0.0 (2 constraints: 07127301)
jakarta.ws.rs:jakarta.ws.rs-api:3.1.0 (6 constraints: 2c663b27)
javax.annotation:javax.annotation-api:1.3.2 (1 constraints: 0805fb35)
javax.servlet:javax.servlet-api:4.0.1 (1 constraints: 07050036)
javax.ws.rs:javax.ws.rs-api:2.1.1 (1 constraints: 0605f935)
net.sf.jopt-simple:jopt-simple:5.0.4 (1 constraints: be0ad6cc)
org.apache.commons:commons-math3:3.6.1 (1 constraints: bf0adbcc)
org.checkerframework:checker-qual:3.42.0 (1 constraints: 4b0a47bf)
org.immutables:value:2.10.1 (1 constraints: 3605303b)
org.jetbrains:annotations:24.1.0 (1 constraints: 331166d1)
org.openjdk.jmh:jmh-core:1.37 (1 constraints: df04fc30)
org.slf4j:slf4j-api:1.7.36 (4 constraints: d93915e8)

[Test dependencies]
com.fasterxml.jackson.module:jackson-module-jakarta-xmlbind-annotations:2.15.3 (1 constraints: ee1515e9)
com.palantir.safe-logging:preconditions-assertj:3.7.0 (1 constraints: 0c050f36)
io.undertow:undertow-core:2.3.6.Final (2 constraints: 4116faf3)
io.undertow:undertow-servlet:2.3.6.Final (1 constraints: 2507e05a)
jakarta.activation:jakarta.activation-api:2.1.0 (1 constraints: 8c0f4791)
jakarta.inject:jakarta.inject-api:2.0.1 (4 constraints: 884c8712)
jakarta.validation:jakarta.validation-api:3.0.2 (1 constraints: fe10bbc3)
jakarta.xml.bind:jakarta.xml.bind-api:4.0.0 (1 constraints: ba1524d3)
net.bytebuddy:byte-buddy:1.14.12 (2 constraints: f016bb66)
net.bytebuddy:byte-buddy-agent:1.14.12 (1 constraints: 730bb2e9)
org.apache.httpcomponents.client5:httpclient5:5.3.1 (1 constraints: 0b050e36)
org.apache.httpcomponents.core5:httpcore5:5.2.4 (2 constraints: 98254d58)
org.apache.httpcomponents.core5:httpcore5-h2:5.2.4 (1 constraints: 3f130d3c)
org.apache.logging.log4j:log4j-api:2.23.1 (2 constraints: 8e1f6a44)
org.apache.logging.log4j:log4j-core:2.23.1 (1 constraints: d41002df)
org.apache.logging.log4j:log4j-slf4j-impl:2.23.1 (1 constraints: 3a053d3b)
org.apiguardian:apiguardian-api:1.1.2 (5 constraints: 105480ac)
org.assertj:assertj-core:3.25.3 (2 constraints: 9e19a0df)
org.glassfish.hk2:hk2-api:3.0.4 (1 constraints: 6c0c580c)
org.glassfish.hk2:hk2-locator:3.0.4 (1 constraints: 4210d6ad)
org.glassfish.hk2:hk2-utils:3.0.4 (2 constraints: 1d17d276)
org.glassfish.hk2:osgi-resource-locator:1.0.3 (1 constraints: ef10e7c2)
org.glassfish.hk2.external:aopalliance-repackaged:3.0.4 (2 constraints: 1d17d276)
org.glassfish.jersey.containers:jersey-container-servlet-core:3.1.3 (1 constraints: 09050036)
org.glassfish.jersey.core:jersey-client:3.1.3 (1 constraints: 0011bfc3)
org.glassfish.jersey.core:jersey-common:3.1.3 (5 constraints: a4614bb3)
org.glassfish.jersey.core:jersey-server:3.1.3 (2 constraints: c91efe62)
org.glassfish.jersey.ext:jersey-entity-filtering:3.1.3 (1 constraints: bd1525d3)
org.glassfish.jersey.inject:jersey-hk2:3.1.3 (1 constraints: 09050036)
org.glassfish.jersey.media:jersey-media-json-jackson:3.1.3 (1 constraints: 09050036)
org.javassist:javassist:3.29.2-GA (1 constraints: 30112ef1)
org.jboss.logging:jboss-logging:3.4.3.Final (3 constraints: f2300ed8)
org.jboss.threads:jboss-threads:3.5.0.Final (2 constraints: 5a1a5743)
org.jboss.xnio:xnio-api:3.8.8.Final (2 constraints: 791a6546)
org.jboss.xnio:xnio-nio:3.8.8.Final (1 constraints: c90dd230)
org.junit.jupiter:junit-jupiter:5.10.2 (1 constraints: 3a05433b)
org.junit.jupiter:junit-jupiter-api:5.10.2 (4 constraints: e33e51c9)
org.junit.jupiter:junit-jupiter-engine:5.10.2 (1 constraints: 350eff49)
org.junit.jupiter:junit-jupiter-params:5.10.2 (1 constraints: 350eff49)
org.junit.platform:junit-platform-commons:1.10.2 (2 constraints: 2f218183)
org.junit.platform:junit-platform-engine:1.10.2 (1 constraints: d410e6c4)
org.mockito:mockito-core:5.11.0 (2 constraints: 2a143786)
org.mockito:mockito-junit-jupiter:5.11.0 (1 constraints: 3905443b)
org.objenesis:objenesis:3.3 (1 constraints: b20a14bd)
org.opentest4j:opentest4j:1.3.0 (2 constraints: cf209249)
org.wildfly.client:wildfly-client-config:1.0.1.Final (1 constraints: 940c6308)
org.wildfly.common:wildfly-common:1.5.4.Final (2 constraints: 741cfbf1)
