{
    "compileClasspath": {
        "com.fasterxml.jackson.core:jackson-annotations": {
            "locked": "2.6.7",
            "transitive": [
                "com.fasterxml.jackson.core:jackson-databind"
            ]
        },
        "com.fasterxml.jackson.core:jackson-core": {
            "locked": "2.6.7",
            "transitive": [
                "com.fasterxml.jackson.core:jackson-databind"
            ]
        },
        "com.fasterxml.jackson.core:jackson-databind": {
            "locked": "2.6.7",
            "transitive": [
                "com.palantir.tokens:auth-tokens"
            ]
        },
        "com.palantir.tokens:auth-tokens": {
            "project": true
        },
        "javax.annotation:javax.annotation-api": {
            "locked": "1.2"
        },
        "javax.servlet:javax.servlet-api": {
            "locked": "3.1.0",
            "transitive": [
                "org.eclipse.jetty:jetty-server"
            ]
        },
        "javax.ws.rs:javax.ws.rs-api": {
            "locked": "2.0.1"
        },
        "org.eclipse.jetty:jetty-http": {
            "locked": "9.4.5.v20170502",
            "transitive": [
                "org.eclipse.jetty:jetty-server"
            ]
        },
        "org.eclipse.jetty:jetty-io": {
            "locked": "9.4.5.v20170502",
            "transitive": [
                "org.eclipse.jetty:jetty-http",
                "org.eclipse.jetty:jetty-server"
            ]
        },
        "org.eclipse.jetty:jetty-security": {
            "locked": "9.4.5.v20170502"
        },
        "org.eclipse.jetty:jetty-server": {
            "locked": "9.4.5.v20170502",
            "transitive": [
                "org.eclipse.jetty:jetty-security"
            ]
        },
        "org.eclipse.jetty:jetty-util": {
            "locked": "9.4.5.v20170502",
            "transitive": [
                "org.eclipse.jetty:jetty-http",
                "org.eclipse.jetty:jetty-io"
            ]
        },
        "org.slf4j:slf4j-api": {
            "locked": "1.7.25",
            "transitive": [
                "com.palantir.tokens:auth-tokens"
            ]
        }
    },
    "runtime": {
        "com.fasterxml.jackson.core:jackson-annotations": {
            "locked": "2.6.7",
            "transitive": [
                "com.fasterxml.jackson.core:jackson-databind"
            ]
        },
        "com.fasterxml.jackson.core:jackson-core": {
            "locked": "2.6.7",
            "transitive": [
                "com.fasterxml.jackson.core:jackson-databind"
            ]
        },
        "com.fasterxml.jackson.core:jackson-databind": {
            "locked": "2.6.7",
            "transitive": [
                "com.palantir.tokens:auth-tokens"
            ]
        },
        "com.palantir.tokens:auth-tokens": {
            "project": true
        },
        "javax.annotation:javax.annotation-api": {
            "locked": "1.2"
        },
        "javax.servlet:javax.servlet-api": {
            "locked": "3.1.0",
            "transitive": [
                "org.eclipse.jetty:jetty-server"
            ]
        },
        "javax.ws.rs:javax.ws.rs-api": {
            "locked": "2.0.1"
        },
        "org.eclipse.jetty:jetty-http": {
            "locked": "9.4.5.v20170502",
            "transitive": [
                "org.eclipse.jetty:jetty-server"
            ]
        },
        "org.eclipse.jetty:jetty-io": {
            "locked": "9.4.5.v20170502",
            "transitive": [
                "org.eclipse.jetty:jetty-http",
                "org.eclipse.jetty:jetty-server"
            ]
        },
        "org.eclipse.jetty:jetty-security": {
            "locked": "9.4.5.v20170502"
        },
        "org.eclipse.jetty:jetty-server": {
            "locked": "9.4.5.v20170502",
            "transitive": [
                "org.eclipse.jetty:jetty-security"
            ]
        },
        "org.eclipse.jetty:jetty-util": {
            "locked": "9.4.5.v20170502",
            "transitive": [
                "org.eclipse.jetty:jetty-http",
                "org.eclipse.jetty:jetty-io"
            ]
        },
        "org.slf4j:slf4j-api": {
            "locked": "1.7.25",
            "transitive": [
                "com.palantir.tokens:auth-tokens"
            ]
        }
    }
}