{
    "compileClasspath": {
        "com.fasterxml.jackson.core:jackson-annotations": {
            "locked": "2.8.9",
            "transitive": [
                "com.fasterxml.jackson.core:jackson-databind"
            ]
        },
        "com.fasterxml.jackson.core:jackson-core": {
            "locked": "2.8.9",
            "transitive": [
                "com.fasterxml.jackson.core:jackson-databind"
            ]
        },
        "com.fasterxml.jackson.core:jackson-databind": {
            "locked": "2.8.9",
            "transitive": [
                "com.palantir.tokens:auth-tokens"
            ]
        },
        "com.google.code.findbugs:jsr305": {
            "locked": "1.3.9",
            "transitive": [
                "com.google.guava:guava"
            ]
        },
        "com.google.errorprone:error_prone_annotations": {
            "locked": "2.1.3",
            "transitive": [
                "com.google.guava:guava"
            ]
        },
        "com.google.guava:guava": {
            "locked": "23.6.1-jre"
        },
        "com.google.j2objc:j2objc-annotations": {
            "locked": "1.1",
            "transitive": [
                "com.google.guava:guava"
            ]
        },
        "com.palantir.tokens:auth-tokens": {
            "project": true
        },
        "net.sf.jopt-simple:jopt-simple": {
            "locked": "4.6",
            "transitive": [
                "org.openjdk.jmh:jmh-core"
            ]
        },
        "org.apache.commons:commons-math3": {
            "locked": "3.2",
            "transitive": [
                "org.openjdk.jmh:jmh-core"
            ]
        },
        "org.checkerframework:checker-compat-qual": {
            "locked": "2.0.0",
            "transitive": [
                "com.google.guava:guava"
            ]
        },
        "org.codehaus.mojo:animal-sniffer-annotations": {
            "locked": "1.14",
            "transitive": [
                "com.google.guava:guava"
            ]
        },
        "org.openjdk.jmh:jmh-core": {
            "locked": "1.21",
            "transitive": [
                "org.openjdk.jmh:jmh-generator-annprocess"
            ]
        },
        "org.openjdk.jmh:jmh-generator-annprocess": {
            "locked": "1.21"
        },
        "org.slf4j:slf4j-api": {
            "locked": "1.7.25",
            "transitive": [
                "com.palantir.tokens:auth-tokens"
            ]
        }
    },
    "runtime": {
        "com.fasterxml.jackson.core:jackson-annotations": {
            "locked": "2.8.9",
            "transitive": [
                "com.fasterxml.jackson.core:jackson-databind"
            ]
        },
        "com.fasterxml.jackson.core:jackson-core": {
            "locked": "2.8.9",
            "transitive": [
                "com.fasterxml.jackson.core:jackson-databind"
            ]
        },
        "com.fasterxml.jackson.core:jackson-databind": {
            "locked": "2.8.9",
            "transitive": [
                "com.palantir.tokens:auth-tokens"
            ]
        },
        "com.google.code.findbugs:jsr305": {
            "locked": "1.3.9",
            "transitive": [
                "com.google.guava:guava"
            ]
        },
        "com.google.errorprone:error_prone_annotations": {
            "locked": "2.1.3",
            "transitive": [
                "com.google.guava:guava"
            ]
        },
        "com.google.guava:guava": {
            "locked": "23.6.1-jre"
        },
        "com.google.j2objc:j2objc-annotations": {
            "locked": "1.1",
            "transitive": [
                "com.google.guava:guava"
            ]
        },
        "com.palantir.tokens:auth-tokens": {
            "project": true
        },
        "net.sf.jopt-simple:jopt-simple": {
            "locked": "4.6",
            "transitive": [
                "org.openjdk.jmh:jmh-core"
            ]
        },
        "org.apache.commons:commons-math3": {
            "locked": "3.2",
            "transitive": [
                "org.openjdk.jmh:jmh-core"
            ]
        },
        "org.checkerframework:checker-compat-qual": {
            "locked": "2.0.0",
            "transitive": [
                "com.google.guava:guava"
            ]
        },
        "org.codehaus.mojo:animal-sniffer-annotations": {
            "locked": "1.14",
            "transitive": [
                "com.google.guava:guava"
            ]
        },
        "org.openjdk.jmh:jmh-core": {
            "locked": "1.21"
        },
        "org.slf4j:slf4j-api": {
            "locked": "1.7.25",
            "transitive": [
                "com.palantir.tokens:auth-tokens"
            ]
        }
    }
}